dependencies:
- name: redis
  repository: https://charts.bitnami.com/bitnami
  version: 19.6.0
- name: mysql
  repository: https://charts.bitnami.com/bitnami
  version: 10.3.0
digest: sha256:cd41b47005d20ec9e2fb045c7f3257c234496ee5078223795100cc584cb8579f
generated: "2024-06-26T21:51:03.482730151Z"
